
Microsoft Visual Studio Solution File, Format Version 12.00
# Visual Studio Version 17
VisualStudioVersion = 17.0.32112.339
MinimumVisualStudioVersion = 10.0.40219.1
Project("{FAE04EC0-301F-11D3-BF4B-00C04F79EFBC}") = "stage-ap-2023", "stage-ap-2023\stage-ap-2023.csproj", "{02FB9A05-2C43-4A4E-BBD2-055CF2FD6DF1}"
EndProject
Project("{2150E333-8FDC-42A3-9474-1A3956D46DE8}") = "Solution Items", "Solution Items", "{ADB17564-8C7E-4D9C-B776-D474F01D8D7E}"
	ProjectSection(SolutionItems) = preProject
		.editorconfig = .editorconfig
	EndProjectSection
EndProject
Global
	GlobalSection(SolutionConfigurationPlatforms) = preSolution
		Debug|Any CPU = Debug|Any CPU
		Release|Any CPU = Release|Any CPU
	EndGlobalSection
	GlobalSection(ProjectConfigurationPlatforms) = postSolution
		{02FB9A05-2C43-4A4E-BBD2-055CF2FD6DF1}.Debug|Any CPU.ActiveCfg = Debug|Any CPU
		{02FB9A05-2C43-4A4E-BBD2-055CF2FD6DF1}.Debug|Any CPU.Build.0 = Debug|Any CPU
		{02FB9A05-2C43-4A4E-BBD2-055CF2FD6DF1}.Release|Any CPU.ActiveCfg = Release|Any CPU
		{02FB9A05-2C43-4A4E-BBD2-055CF2FD6DF1}.Release|Any CPU.Build.0 = Release|Any CPU
	EndGlobalSection
	GlobalSection(SolutionProperties) = preSolution
		HideSolutionNode = FALSE
	EndGlobalSection
	GlobalSection(ExtensibilityGlobals) = postSolution
		SolutionGuid = {68F7D807-78E1-4B7B-AD0B-D7C9EF86526D}
	EndGlobalSection
EndGlobal
